{
  "name": "led",
  "version": "1.0.0",
  "lockfileVersion": 1,
  "requires": true,
  "dependencies": {
    "async-lock": {
      "version": "1.2.4",
      "resolved": "https://registry.npmjs.org/async-lock/-/async-lock-1.2.4.tgz",
      "integrity": "sha512-UBQJC2pbeyGutIfYmErGc9RaJYnpZ1FHaxuKwb0ahvGiiCkPUf3p67Io+YLPmmv3RHY+mF6JEtNW8FlHsraAaA=="
    },
    "nan": {
      "version": "2.14.1",
      "resolved": "https://registry.npmjs.org/nan/-/nan-2.14.1.tgz",
      "integrity": "sha512-isWHgVjnFjh2x2yuJ/tj3JbwoHu3UC2dX5G/88Cm24yB6YopVgxvBObDY7n5xW6ExmFhJpSEQqFPvq9zaXc8Jw=="
    },
    "pi-spi": {
      "version": "1.2.1",
      "resolved": "https://registry.npmjs.org/pi-spi/-/pi-spi-1.2.1.tgz",
      "integrity": "sha512-cPquRYzFZJzPwFpFpLOY13bg+jYzufo0hhYi+IsMlcSSdmzHqHLvghUz4vZWcjm6tqiEwNoMP8MQR1wuyLpnnw==",
      "requires": {
        "nan": "^2.14.0"
      }
    },
    "ws2801-pi": {
      "version": "1.0.0",
      "resolved": "https://registry.npmjs.org/ws2801-pi/-/ws2801-pi-1.0.0.tgz",
      "integrity": "sha512-nvpZK+lwWjHLg56Xeub92+4UWqHRSEZZBmwG4Cl3V9ASXAeeSyJtGlWE6GIKTkJ85Ib5tcI7B/cYpjKDsNavaQ==",
      "requires": {
        "async-lock": "1.2.4",
        "pi-spi": "1.2.1"
      }
    }
  }
}
